
Microsoft Visual Studio Solution File, Format Version 12.00
# Visual Studio Version 17
VisualStudioVersion = 17.13.35828.75 d17.13
MinimumVisualStudioVersion = 10.0.40219.1
Project("{FAE04EC0-301F-11D3-BF4B-00C04F79EFBC}") = "REF1", "REF1\REF1.csproj", "{7C78FBA1-C9B0-460A-8046-8CB4C44C0363}"
EndProject
Global
	GlobalSection(SolutionConfigurationPlatforms) = preSolution
		Debug|Any CPU = Debug|Any CPU
		Release|Any CPU = Release|Any CPU
	EndGlobalSection
	GlobalSection(ProjectConfigurationPlatforms) = postSolution
		{7C78FBA1-C9B0-460A-8046-8CB4C44C0363}.Debug|Any CPU.ActiveCfg = Debug|Any CPU
		{7C78FBA1-C9B0-460A-8046-8CB4C44C0363}.Debug|Any CPU.Build.0 = Debug|Any CPU
		{7C78FBA1-C9B0-460A-8046-8CB4C44C0363}.Release|Any CPU.ActiveCfg = Release|Any CPU
		{7C78FBA1-C9B0-460A-8046-8CB4C44C0363}.Release|Any CPU.Build.0 = Release|Any CPU
	EndGlobalSection
	GlobalSection(SolutionProperties) = preSolution
		HideSolutionNode = FALSE
	EndGlobalSection
	GlobalSection(ExtensibilityGlobals) = postSolution
		SolutionGuid = {966C6F37-9CB8-4AFB-B4F1-5F5C18C74E19}
	EndGlobalSection
EndGlobal
